{
  "name": "profanity-adversarial",
  "version": "0.1.0",
  "lockfileVersion": 3,
  "requires": true,
  "packages": {
    "": {
      "name": "profanity-adversarial",
      "version": "0.1.0",
      "license": "MIT",
      "bin": {
        "profanity-adversarial": "dist/cli.js"
      },
      "devDependencies": {
        "@2toad/profanity": "^3.3.0",
        "bad-words": "^4.1.5",
        "leo-profanity": "^1.9.0",
        "obscenity": "^0.4.6",
        "ts-profanity-filter": "file:.."
      },
      "engines": {
        "node": ">=18"
      }
    },
    "..": {
      "version": "1.2.0",
      "dev": true,
      "license": "MIT",
      "devDependencies": {
        "@anthropic-ai/sdk": "^0.116.0",
        "@types/node": "^26.2.0",
        "@types/react": "^19.2.18",
        "react": "^19.2.8",
        "typescript": "^5.9.3",
        "vue": "^3.5.41"
      },
      "engines": {
        "node": ">=18.0.0"
      },
      "peerDependencies": {
        "@anthropic-ai/sdk": ">=0.60",
        "react": ">=16.8",
        "vue": ">=3.3"
      },
      "peerDependenciesMeta": {
        "@anthropic-ai/sdk": {
          "optional": true
        },
        "react": {
          "optional": true
        },
        "vue": {
          "optional": true
        }
      }
    },
    "node_modules/@2toad/profanity": {
      "version": "3.3.0",
      "resolved": "https://registry.npmjs.org/@2toad/profanity/-/profanity-3.3.0.tgz",
      "integrity": "sha512-hBptHbB6Regs5AgtHiLr/WfgHRh6ZGdA9EexOWU14n2eNjQekvK9/gg18iFUYvL2WrNb4X3Ci0bzgzJXhzmpNQ==",
      "dev": true,
      "license": "MIT",
      "engines": {
        "node": ">=12"
      }
    },
    "node_modules/bad-words": {
      "version": "4.1.5",
      "resolved": "https://registry.npmjs.org/bad-words/-/bad-words-4.1.5.tgz",
      "integrity": "sha512-2brqSXEk99CL6vi67cEg8ArEeoFPJBsdfDXon1Ed5XWIgRKn8ZNYA9Gwo8YB3zLlChQXztTTtzwUV3dAyjELfw==",
      "dev": true,
      "license": "MIT",
      "dependencies": {
        "badwords-list": "^2.0.1-4"
      },
      "engines": {
        "node": ">=8.0.0"
      }
    },
    "node_modules/badwords-list": {
      "version": "2.0.1-4",
      "resolved": "https://registry.npmjs.org/badwords-list/-/badwords-list-2.0.1-4.tgz",
      "integrity": "sha512-FxfZUp7B9yCnesNtFQS9v6PvZdxTYa14Q60JR6vhjdQdWI4naTjJIyx22JzoER8ooeT8SAAKoHLjKfCV7XgYUQ==",
      "dev": true,
      "license": "MIT"
    },
    "node_modules/french-badwords-list": {
      "version": "1.0.7",
      "resolved": "https://registry.npmjs.org/french-badwords-list/-/french-badwords-list-1.0.7.tgz",
      "integrity": "sha512-H1ziKs2PJh2+UXZ9oCGJ/rRQpsI9NBykGf2Sc7WaKaj1OnWFuBXfsvANTdRcfVmOghGQaUmRyZ1hJOPbDpy04Q==",
      "dev": true,
      "license": "MIT",
      "optional": true
    },
    "node_modules/leo-profanity": {
      "version": "1.9.0",
      "resolved": "https://registry.npmjs.org/leo-profanity/-/leo-profanity-1.9.0.tgz",
      "integrity": "sha512-vMrrrjsbT+fA5I/1rlBEVT5YjJsw1ASIVF8/xBEdZ6ylsg5AEIBrEvHxwe5XAmfVuTBi7aw2KcO2L3s9ddpKzw==",
      "dev": true,
      "license": "MIT",
      "engines": {
        "node": ">=18"
      },
      "optionalDependencies": {
        "french-badwords-list": "^1.0.7",
        "russian-bad-words": "^0.5.0"
      }
    },
    "node_modules/obscenity": {
      "version": "0.4.6",
      "resolved": "https://registry.npmjs.org/obscenity/-/obscenity-0.4.6.tgz",
      "integrity": "sha512-pHk7kNN7j3L3zGhhGnwxjvXIGsPpLrcZl2r58fqWh/V/rH6b/dafscj2sMmAY+A/9/wPsocLmimgGk2DKeKsFQ==",
      "dev": true,
      "license": "MIT",
      "engines": {
        "node": ">=18.0.0"
      }
    },
    "node_modules/russian-bad-words": {
      "version": "0.5.0",
      "resolved": "https://registry.npmjs.org/russian-bad-words/-/russian-bad-words-0.5.0.tgz",
      "integrity": "sha512-euNvEYki6iYYpkNbeudW+lEMMYGEmN7EBwVF8ezlbv0bZoQpVYB7W10cCeUIGV7Ed50sJynLQ0c559q5iI0ejQ==",
      "dev": true,
      "license": "MIT",
      "optional": true,
      "engines": {
        "node": ">=10"
      }
    },
    "node_modules/ts-profanity-filter": {
      "resolved": "..",
      "link": true
    }
  }
}
