{
  "name": "profanity-adversarial",
  "version": "0.1.0",
  "lockfileVersion": 3,
  "requires": true,
  "packages": {
    "": {
      "name": "profanity-adversarial",
      "version": "0.1.0",
      "license": "MIT",
      "bin": {
        "profanity-adversarial": "dist/cli.js"
      },
      "devDependencies": {
        "ts-profanity-filter": "file:.."
      },
      "engines": {
        "node": ">=18"
      }
    },
    "..": {
      "version": "1.2.0",
      "dev": true,
      "license": "MIT",
      "devDependencies": {
        "@anthropic-ai/sdk": "^0.116.0",
        "@types/node": "^26.2.0",
        "@types/react": "^19.2.18",
        "react": "^19.2.8",
        "typescript": "^5.9.3",
        "vue": "^3.5.41"
      },
      "engines": {
        "node": ">=18.0.0"
      },
      "peerDependencies": {
        "@anthropic-ai/sdk": ">=0.60",
        "react": ">=16.8",
        "vue": ">=3.3"
      },
      "peerDependenciesMeta": {
        "@anthropic-ai/sdk": {
          "optional": true
        },
        "react": {
          "optional": true
        },
        "vue": {
          "optional": true
        }
      }
    },
    "node_modules/ts-profanity-filter": {
      "resolved": "..",
      "link": true
    }
  }
}
